# This file is @generated by uv.
# It is not intended to be manually edited.

[[package]]
name = "ai-proxy"
version = "0.1.0"
source = { editable = "." }

[[package]]
name = "annotated-types"
version = "0.7.0"
source = { registry = "https://pypi.org/simple" }
sdist = { url = "https://files.pythonhosted.org/packages/28/78/d31231a15f73e37959507220b22df625189e8d07c69d546c690c12a6b6cc/annotated-types-0.7.0.tar.gz", hash = "sha256:1f02e8b43a8fbbc3f3e0d4f0f4bfc8131bcb4ee8f370812405b482e2a170300a" }
wheels = [
    { url = "https://files.pythonhosted.org/packages/1f/25/0e8a722d886706aeee1111a924400a3f95539fa2c62d98560d070d010105/annotated_types-0.7.0-py3-none-any.whl", hash = "sha256:1e48484723d91451edf04f59a5952c89d14f05541df50930401606368a494857" },
]

[[package]]
name = "anyio"
version = "4.6.2"
source = { registry = "https://pypi.org/simple" }
dependencies = [
    { name = "idna" },
    { name = "sniffio" },
    { name = "typing_extensions" },
]
sdist = { url = "https://files.pythonhosted.org/packages/28/95/09b03dc03030680f7e4d616f0625b5f4ab105084bff4781323a9d84554e9/anyio-4.6.2.tar.gz", hash = "sha256:446e951515cfed467871061323edf684473d746d075a864510322f1db52509aa" }
wheels = [
    { url = "https://files.pythonhosted.org/packages/6a/92/da3010cff70381757bf899c4322f7d056859c82007ae5080729775ce40ce/anyio-4.6.2-py3-none-any.whl", hash = "sha256:477649a0d8de830ea9009f752a1c1efd95561892045d9c31e0d107c442639294" },
]

[[package]]
name = "boto3"
version = "1.35.70"
source = { registry = "https://pypi.org/simple" }
dependencies = [
    { name = "botocore", version = "1.35.70" },
    { name = "jmespath", version = "1.0.1" },
    { name = "s3transfer", version = "0.10.3" },
]
sdist = { url = "https://files.pythonhosted.org/packages/0d/7d/0a1e03e4db07149e11339195316093474ef07585661130c33d45393133a0/boto3-1.35.70.tar.gz", hash = "sha256:bc280294d2b035b40117900078909769817db0007f0790507101f05f107d9c0d" }
wheels = [
    { url = "https://files.pythonhosted.org/packages/8d/9e/66fe8354863528ac24c665965d878d7102b50751541c79c7538f095ef9d8/boto3-1.35.70-py3-none-any.whl", hash = "sha256:83500090b0af108701cee9b77e65530f0068d8698692831072414002037d5592" },
]

[[package]]
name = "botocore"
version = "1.35.70"
source = { registry = "https://pypi.org/simple" }
dependencies = [
    { name = "jmespath", version = "1.0.1" },
    { name = "python-dateutil", version = "2.9.0.post0" },
    { name = "urllib3", version = "2.2.3" },
]
sdist = { url = "https://files.pythonhosted.org/packages/9d/9d/5418017057040327132737de86f07f4061b085577314356921d902653758/botocore-1.35.70.tar.gz", hash = "sha256:44343351534752061c63cff522f279486f1c0892d2d640148013639095208638" }
wheels = [
    { url = "https://files.pythonhosted.org/packages/0d/7d/0a1e03e4db07149e11339195316093474ef07585661130c33d45393133a0/botocore-1.35.70-py3-none-any.whl", hash = "sha256:bc280294d2b035b40117900078909769817db0007f0790507101f05f107d9c0d" },
]

[[package]]
name = "certifi"
version = "2024.8.30"
source = { registry = "https://pypi.org/simple" }
sdist = { url = "https://files.pythonhosted.org/packages/71/da/0e8928fb11735dae0a1195c54e9110732b941710b79c130d990913c31fd3/certifi-2024.8.30.tar.gz", hash = "sha256:922820b533755f953e61676a1c5972ee97530f48aab6303014599857d7484803" }
wheels = [
    { url = "https://files.pythonhosted.org/packages/12/82/85274a06ac2b6262fb64a08a0830bb1b35e9117580820c359d0b759e0a5f/certifi-2024.8.30-py3-none-any.whl", hash = "sha256:bec941d2aa819592f0738ebf463c553020be500aea932173b211b715623ad95d" },
]

[[package]]
name = "cffi"
version = "1.17.1"
source = { registry = "https://pypi.org/simple" }
dependencies = [
    { name = "pycparser" },
]
sdist = { url = "https://files.pythonhosted.org/packages/7d/f3/97b3da558525886681706f3faec048f132e40195d8ef5052d9490b7a5a14/cffi-1.17.1.tar.gz", hash = "sha256:1c39c601158c20540029db02a8260166b195184c81280919268d04940f2a675d" }
wheels = [
    { url = "https://files.pythonhosted.org/packages/ea/65/6672796e55920d8fa1b035a6d79a33589775f021ee1601b6d1b090251895/cffi-1.17.1-cp310-cp310-macosx_11_0_arm64.whl", hash = "sha256:81f08ee19898d598dcc28090091723487e5a29445428e97797436a586300e05a" },
]

[[package]]
name = "charset-normalizer"
version = "3.4.0"
source = { registry = "https://pypi.org/simple" }
sdist = { url = "https://files.pythonhosted.org/packages/21/9f/2561950e888b37b8597107f95781601bd70754f0b4dbbc1a32717f02391e/charset-normalizer-3.4.0.tar.gz", hash = "sha256:4f9fc98dad6c2eaa32fc3af1417d95b5a1784787617838081d003136251a040c" }
wheels = [
    { url = "https://files.pythonhosted.org/packages/63/09/c1bc53dab74b1816a00d8d066de2169c3113c0307a6a28c5050618fd6004/charset_normalizer-3.4.0-cp310-cp310-macosx_11_0_arm64.whl", hash = "sha256:223217c3d4f82c3ac5e29032b3f1c2eb0fb591b72161f86d93f563e45abc7cb1" },
]

[[package]]
name = "click"
version = "8.1.7"
source = { registry = "https://pypi.org/simple" }
dependencies = [
    { name = "colorama" },
]
sdist = { url = "https://files.pythonhosted.org/packages/96/d3/f04c7bfcf5712b86d5bb37d0cbb6348702755f82400100452d1740350cf1/click-8.1.7.tar.gz", hash = "sha256:ca9853ad459e787e219221c8407e1eaf163e44bf03661ce83070f005a50d68d3" }
wheels = [
    { url = "https://files.pythonhosted.org/packages/00/82/3425355180fc6369c76f539ea5383977f02259707c9028107503a5523ca0/click-8.1.7-py3-none-any.whl", hash = "sha256:ae74fb96c20a0277a1d615f1e4d73c8414f5a98db8bde1984e5d729b7ca956b1" },
]

[[package]]
name = "colorama"
version = "0.4.6"
source = { registry = "https://pypi.org/simple" }
sdist = { url = "https://files.pythonhosted.org/packages/ed/15/716222da7293368d27a5ef089320b53379669f606cb1333328e40c568f4/colorama-0.4.6.tar.gz", hash = "sha256:4f1d9991f5acc0ca119f9d443620b77f9d6b3373c489c40e64710e1f7db5a550" }
wheels = [
    { url = "https://files.pythonhosted.org/packages/d1/d6/3965ed04c63042e047cb6a3e6ed1a63a35087b6a609aa3a15ed8ac56c210/colorama-0.4.6-py2.py3-none-any.whl", hash = "sha256:08695f5cb7ed6e0531a20572697297273c47b8cae5a63ffc6d6ed5c201be6e44" },
]

[[package]]
name = "cryptography"
version = "43.0.3"
source = { registry = "https://pypi.org/simple" }
dependencies = [
    { name = "cffi", version = "1.12.0" },
]
sdist = { url = "https://files.pythonhosted.org/packages/9d/68/55068c75eb70cc62580012675103a53607c10467a5475e57370642804b55/cryptography-43.0.3.tar.gz", hash = "sha256:0c3265876b1155310031d49914a323c42008c1fd7d632e40c3f08705250aad49" }
wheels = [
    { url = "https://files.pythonhosted.org/packages/1d/07/4241cc16d0db180052a55da053509019242120803d88129f63216d34242/cryptography-43.0.3-cp39-abi3-macosx_11_0_arm64.whl", hash = "sha256:2957302a6a02132061d40b09a45f9705f06339cc7ed5f315d78b179b01703b83" },
]

[[package]]
name = "fastapi"
version = "0.115.5"
source = { registry = "https://pypi.org/simple" }
dependencies = [
    { name = "pydantic", version = "2.10.3" },
    { name = "starlette", version = "0.41.3" },
    { name = "typing_extensions", version = "4.12.2" },
]
sdist = { url = "https://files.pythonhosted.org/packages/75/91/6c1f6cb5315450d93a8074a6845d552814023a65c77c4c951af6d0e681a2/fastapi-0.115.5.tar.gz", hash = "sha256:0e7a6d02c2335532430720a526147c9714c2b05d28019109b9111c928f033070" }
wheels = [
    { url = "https://files.pythonhosted.org/packages/10/ed/66ff409ef69033020e4ca3471c04372491855244331335519938114d0d53/fastapi-0.115.5-py3-none-any.whl", hash = "sha256:46d1e423e9141587fe675917ab3a030312b7ffd980649bbfe0046603bdb9d8d4" },
]

[[package]]
name = "h11"
version = "0.14.0"
source = { registry = "https://pypi.org/simple" }
sdist = { url = "https://files.pythonhosted.org/packages/01/c0/f014d5473ae8992951f085e9a95c33a11c0e9df612250b2db6320e5c95b9/h11-0.14.0.tar.gz", hash = "sha256:8f19fbbe99e72420ff35c00b27a34cb9937e902a8b810e2c88300c6f0a3b68a4" }
wheels = [
    { url = "https://files.pythonhosted.org/packages/92/57/50a4f4d57697d08783e5a9d4c062674f87b26600990a56307298d3d15101/h11-0.14.0-py3-none-any.whl", hash = "sha256:e3fe4ac4b851c468cc8363d500db52c0487c93549c701437249088e758e9d429" },
]

[[package]]
name = "httpcore"
version = "1.0.7"
source = { registry = "https://pypi.org/simple" }
dependencies = [
    { name = "certifi" },
    { name = "h11", version = "0.14.0" },
    { name = "sniffio", version = "1.3.1" },
]
sdist = { url = "https://files.pythonhosted.org/packages/4d/03/8ac3ef61943d0bb6b0d80d870e7f75c6865c0c121304414c106438157358/httpcore-1.0.7.tar.gz", hash = "sha256:524bdee027c6ea23150750230c75c7d20970f2965f1e068285862b17754057c1" }
wheels = [
    { url = "https://files.pythonhosted.org/packages/85/03/66600805477961208b64b34707012bd8f0e2c4703546a02ce80219060c74/httpcore-1.0.7-py3-none-any.whl", hash = "sha256:5559461e8afe97aa1adf6025244a7d8c2eb8396ef69818392d6336ce98a18b1c" },
]

[[package]]
name = "httpx"
version = "0.27.2"
source = { registry = "https://pypi.org/simple" }
dependencies = [
    { name = "certifi" },
    { name = "httpcore", version = "1.0.7" },
    { name = "idna", version = "3.10" },
    { name = "sniffio", version = "1.3.1" },
]
sdist = { url = "https://files.pythonhosted.org/packages/1e/71/951f8c633f52318461a1f155c0c202730f09c62d5251b06d092fc80d40d3/httpx-0.27.2.tar.gz", hash = "sha256:7bb2708e112d8f7366168b20cef079502650ecc06c3b6e7f7778813017966d08" }
wheels = [
    { url = "https://files.pythonhosted.org/packages/f0/39/35c0409414574b1dec18949290725f9af2b09f0607150180601f785528d3/httpx-0.27.2-py3-none-any.whl", hash = "sha256:f7c2be1d2f3c3c3160d4418024054a02c915240795153544099b3dd1ba46a599" },
]

[[package]]
name = "idna"
version = "3.10"
source = { registry = "https://pypi.org/simple" }
sdist = { url = "https://files.pythonhosted.org/packages/13/5f/1878b15eef09131fb495712c0097ccc70159e124341c0bb0ef9d03810d4f/idna-3.10.tar.gz", hash = "sha256:12f65c9b470abda6dc35cf959022d028d0385d7902335060a854602129827b16" }
wheels = [
    { url = "https://files.pythonhosted.org/packages/fc/2d/7d132c008ee22cd79670d1675210b50446c2eb35b01a087a01ea9e076c04/idna-3.10-py3-none-any.whl", hash = "sha256:946d5460b339f4983587ce712a805ad41707245d15366f113a30246578a1695d" },
]

[[package]]
name = "jmespath"
version = "1.0.1"
source = { registry = "https://pypi.org/simple" }
sdist = { url = "https://files.pythonhosted.org/packages/00/2a/004e39b195922a15e7496da619ab0a1211597c9105065a67347532f08aa8/jmespath-1.0.1.tar.gz", hash = "sha256:42a92ec0fc72790908addf08645b59725f482d826e0d19f0a7127a9a39259793" }
wheels = [
    { url = "https://files.pythonhosted.org/packages/99/53/aa55849d959372fd88061e080b052224b5433b00560d9d0b20c410c59d4a/jmespath-1.0.1-py3-none-any.whl", hash = "sha256:90261b206d6defd58fdd5e85f478bf633a2901798906be2ad389150c5c60edbe" },
]

[[package]]
name = "pycparser"
version = "2.22"
source = { registry = "https://pypi.org/simple" }
sdist = { url = "https://files.pythonhosted.org/packages/2c/4d/0f4d99c97137cf5b2045687501ad94108c9710b1c7a029a0d1ce7105a181/pycparser-2.22.tar.gz", hash = "sha256:491c8be9c040f5390f5bf44cbc06504a1451c4398977f8bce93bb913791d53ff" }
wheels = [
    { url = "https://files.pythonhosted.org/packages/12/8c/36b6582a1231119a1a34401218e1041e6b0940557852110e5c95f75285ca/pycparser-2.22-py3-none-any.whl", hash = "sha256:c3702b6d3dd8c7abc1afa565d7e63d53a1d0bd01b43111b00f5b438b8881671a" },
]

[[package]]
name = "pydantic"
version = "2.10.3"
source = { registry = "https://pypi.org/simple" }
dependencies = [
    { name = "annotated-types", version = "0.6.0" },
    { name = "pydantic-core", version = "2.27.1" },
    { name = "typing_extensions", version = "4.12.2" },
]
sdist = { url = "https://files.pythonhosted.org/packages/9f/9d/59780290d1299554a1dcb15039ccc294599d80821d8f5c00c3d561557e78/pydantic-2.10.3.tar.gz", hash = "sha256:759a51383350ee406197045e2b809deb057e0021eee2d11d1c969009660961a0" }
wheels = [
    { url = "https://files.pythonhosted.org/packages/9d/15/6a273aec060380401283f62c458c1b7354525085ece040da10d3188bdda0/pydantic-2.10.3-py3-none-any.whl", hash = "sha256:88b99e2717b0ba83369429708682d0f65747414d1796b63b234436b55686e9f8" },
]

[[package]]
name = "pydantic-core"
version = "2.27.1"
source = { registry = "https://pypi.org/simple" }
dependencies = [
    { name = "typing_extensions", version = "4.12.2" },
]
sdist = { url = "https://files.pythonhosted.org/packages/4f/6e/e04900574102a689680302040089557303c440192997d1006a013f00070e/pydantic_core-2.27.1.tar.gz", hash = "sha256:14735017101db6059f72b080707f547261b1900e87c11779947298222101b248" }
wheels = [
    { url = "https://files.pythonhosted.org/packages/00/0d/113307863711021647d19f06d785d3d339068f040032098501301973796e/pydantic_core-2.27.1-cp310-cp310-macosx_11_0_arm64.whl", hash = "sha256:22f6ecb782982a343096538042b6bc90164c18572219261d7785e5f050595630" },
]

[[package]]
name = "python-dateutil"
version = "2.9.0.post0"
source = { registry = "https://pypi.org/simple" }
dependencies = [
    { name = "six", version = "1.5.0" },
]
sdist = { url = "https://files.pythonhosted.org/packages/ec/57/56b9bcc3c9c6a792fcbaf139543ce56170c1422493ef5d60004711e0544/python-dateutil-2.9.0.post0.tar.gz", hash = "sha256:37dd54208da7e1cd875388217d039538a4463ed4229d95521511082b14295f64" }
wheels = [
    { url = "https://files.pythonhosted.org/packages/36/47/22ca6451d160d135679da93b85a759de4af4702f3cfdfe461f312215238/python_dateutil-2.9.0.post0-py2.py3-none-any.whl", hash = "sha256:a8b2bc7bffae282281c8140a97d362911a16d762389080b1183878d94c18d883" },
]

[[package]]
name = "python-multipart"
version = "0.0.17"
source = { registry = "https://pypi.org/simple" }
dependencies = [
    { name = "typing_extensions" },
]
sdist = { url = "https://files.pythonhosted.org/packages/9d/89/41be2314c2ac78bf555041475471da504b67c77261431eb553917595ef10/python-multipart-0.0.17.tar.gz", hash = "sha256:2944b00d4451ffd191ddf83b08538a4740fc65007293464d6f31243155431150" }
wheels = [
    { url = "https://files.pythonhosted.org/packages/9e/89/0189f1102831758e3e54806e602d89615a06ef4d205c02c100053d0ef4bb/python_multipart-0.0.17-py3-none-any.whl", hash = "sha256:ff1359db9580119d5412080dc336909dde15ccf02479850818b291b3028e51f4" },
]

[[package]]
name = "s3transfer"
version = "0.10.3"
source = { registry = "https://pypi.org/simple" }
dependencies = [
    { name = "botocore", version = "1.35.11" },
]
sdist = { url = "https://files.pythonhosted.org/packages/69/3b/7880955697091809272245007620bb830d5c6015092014061c0a5508075c/s3transfer-0.10.3.tar.gz", hash = "sha256:88d587541622b790037245b7620ac05a05c83ee7f5c20037b209898040d9372e" }
wheels = [
    { url = "https://files.pythonhosted.org/packages/1d/ee/9797196107c38ebb240c16fb1c7455407d85144456804a198343521084c3/s3transfer-0.10.3-py3-none-any.whl", hash = "sha256:9ed6aa0726b9b60911f449da2469eb5a55d09348013744160950ca205304459a" },
]

[[package]]
name = "six"
version = "1.17.0"
source = { registry = "https://pypi.org/simple" }
sdist = { url = "https://files.pythonhosted.org/packages/71/39/19492277c2a01b54ddc3b01c73a910b3d804b869d68db0d4551f73a89d6a/six-1.17.0.tar.gz", hash = "sha256:4721f7db23a641b5e878f39216c6809a51caa5317d057aec9b025b43c7b001a0" }
wheels = [
    { url = "https://files.pythonhosted.org/packages/07/83/cd7a50b471cec3f75bb653a42117dc30a119c96069083008030526586d5c/six-1.17.0-py3-none-any.whl", hash = "sha256:ff70335d468e7eb5185e002317b587695605977024440a79eb1306e519ac2691" },
]

[[package]]
name = "sniffio"
version = "1.3.1"
source = { registry = "https://pypi.org/simple" }
sdist = { url = "https://files.pythonhosted.org/packages/c3/a0/5dba1587540545a710302e36d89641b54c08662a41250f606c11337c30db/sniffio-1.3.1.tar.gz", hash = "sha256:29ae1931ec16eb5d49505a03a50155630806b75901301802772c8345cf55ff10" }
wheels = [
    { url = "https://files.pythonhosted.org/packages/4d/7a/3d76471a3ca5dee9668124a3900935b985c8c781512ecc90353e11600080/sniffio-1.3.1-py3-none-any.whl", hash = "sha256:f4324edc670a0f49750a81b895f35c3adb151f5a597cb5241e44825092389502" },
]

[[package]]
name = "starlette"
version = "0.41.3"
source = { registry = "https://pypi.org/simple" }
dependencies = [
    { name = "anyio", version = "4.4.0" },
    { name = "typing_extensions", version = "4.12.2" },
]
sdist = { url = "https://files.pythonhosted.org/packages/0f/6a/82dd920e48810412118649074383038708f7295752147da5555387742855/starlette-0.41.3.tar.gz", hash = "sha256:0e947433613b71835a938b47d657e363a44a266221127a9543706daecbdee485" }
wheels = [
    { url = "https://files.pythonhosted.org/packages/1a/0e/149f11b0ed7678f00885142d02075075f7d1877b7009360758066d0c670e/starlette-0.41.3-py3-none-any.whl", hash = "sha256:674ad0135a401594957717382d33b4632402050a1963b2a76881085500000c08" },
]

[[package]]
name = "typing_extensions"
version = "4.12.2"
source = { registry = "https://pypi.org/simple" }
sdist = { url = "https://files.pythonhosted.org/packages/7e/47/9830d04115bff905323934eb53c45e013c64b4a10b3235d35d715312c35a/typing_extensions-4.12.2.tar.gz", hash = "sha256:04e5ca974143d181486f475195e9364822932890f724292323598164f804394f" }
wheels = [
    { url = "https://files.pythonhosted.org/packages/38/3c/65806914b840aaa55963f60f0db865877188450f559a140f7957777c6020/typing_extensions-4.12.2-py3-none-any.whl", hash = "sha256:1a7ead55c7e559dd4dee6157d0d43710a0c1ed706640d2ad26362015348a3280" },
]

[[package]]
name = "urllib3"
version = "2.2.3"
source = { registry = "https://pypi.org/simple" }
sdist = { url = "https://files.pythonhosted.org/packages/d4/9e/38f8024e9d714801560498526924f054b690c9c3322071e451e4310c0213/urllib3-2.2.3.tar.gz", hash = "sha256:ca899ca043dcb1bafa3e262d73aa2b523002ea93812e20e59605d43440329cf4" }
wheels = [
    { url = "https://files.pythonhosted.org/packages/9a/74/ce098f28c24283b14d00957d651392772275597c9960bc212b62cae65874/urllib3-2.2.3-py3-none-any.whl", hash = "sha256:450b20ec296a467077124b1107a3043083a15878933b096aec713113f4215285" },
]
